
Microsoft Visual Studio Solution File, Format Version 12.00
# Visual Studio Version 17
VisualStudioVersion = 17.0.31903.59
MinimumVisualStudioVersion = 10.0.40219.1
Project("{FAE04EC0-301F-11D3-BF4B-00C04F79EFBC}") = "GMCreator.GLua", "GMCreator.GLua\GMCreator.GLua.csproj", "{8602E33E-FC11-40AE-A1B6-67A7CFD0726E}"
EndProject
Project("{FAE04EC0-301F-11D3-BF4B-00C04F79EFBC}") = "GMCreator.GLua.Tests", "GMCreator.GLua.Tests\GMCreator.GLua.Tests.csproj", "{12C7C010-77ED-4447-851F-EE5EB7684DD3}"
EndProject
Global
	GlobalSection(SolutionConfigurationPlatforms) = preSolution
		Debug|Any CPU = Debug|Any CPU
		Release|Any CPU = Release|Any CPU
	EndGlobalSection
	GlobalSection(SolutionProperties) = preSolution
		HideSolutionNode = FALSE
	EndGlobalSection
	GlobalSection(ProjectConfigurationPlatforms) = postSolution
		{8602E33E-FC11-40AE-A1B6-67A7CFD0726E}.Debug|Any CPU.ActiveCfg = Debug|Any CPU
		{8602E33E-FC11-40AE-A1B6-67A7CFD0726E}.Debug|Any CPU.Build.0 = Debug|Any CPU
		{8602E33E-FC11-40AE-A1B6-67A7CFD0726E}.Release|Any CPU.ActiveCfg = Release|Any CPU
		{8602E33E-FC11-40AE-A1B6-67A7CFD0726E}.Release|Any CPU.Build.0 = Release|Any CPU
		{12C7C010-77ED-4447-851F-EE5EB7684DD3}.Debug|Any CPU.ActiveCfg = Debug|Any CPU
		{12C7C010-77ED-4447-851F-EE5EB7684DD3}.Debug|Any CPU.Build.0 = Debug|Any CPU
		{12C7C010-77ED-4447-851F-EE5EB7684DD3}.Release|Any CPU.ActiveCfg = Release|Any CPU
		{12C7C010-77ED-4447-851F-EE5EB7684DD3}.Release|Any CPU.Build.0 = Release|Any CPU
	EndGlobalSection
EndGlobal
